
Microsoft Visual Studio Solution File, Format Version 12.00
# Visual Studio Version 17
VisualStudioVersion = 17.10.35122.118
MinimumVisualStudioVersion = 10.0.40219.1
Project("{FAE04EC0-301F-11D3-BF4B-00C04F79EFBC}") = "CodeContext", "CodeContext.csproj", "{0DF0C7E5-798F-4192-B013-B692351D369F}"
EndProject
Global
	GlobalSection(SolutionConfigurationPlatforms) = preSolution
		Debug|Any CPU = Debug|Any CPU
		Release|Any CPU = Release|Any CPU
	EndGlobalSection
	GlobalSection(ProjectConfigurationPlatforms) = postSolution
		{0DF0C7E5-798F-4192-B013-B692351D369F}.Debug|Any CPU.ActiveCfg = Debug|Any CPU
		{0DF0C7E5-798F-4192-B013-B692351D369F}.Debug|Any CPU.Build.0 = Debug|Any CPU
		{0DF0C7E5-798F-4192-B013-B692351D369F}.Release|Any CPU.ActiveCfg = Release|Any CPU
		{0DF0C7E5-798F-4192-B013-B692351D369F}.Release|Any CPU.Build.0 = Release|Any CPU
	EndGlobalSection
	GlobalSection(SolutionProperties) = preSolution
		HideSolutionNode = FALSE
	EndGlobalSection
	GlobalSection(ExtensibilityGlobals) = postSolution
		SolutionGuid = {F903EBF7-27C7-4321-A500-397DE7C41FCB}
	EndGlobalSection
EndGlobal
